// !$*UTF8*$!
{
	archiveVersion = 1;
	classes = {
	};
	objectVersion = 50;
	objects = {

/* Begin PBXBuildFile section */
		3B71325023CD381000C23F38 /* AppDelegate.swift in Sources */ = {isa = PBXBuildFile; fileRef = 3B71324F23CD381000C23F38 /* AppDelegate.swift */; };
		3B71325223CD381000C23F38 /* SceneDelegate.swift in Sources */ = {isa = PBXBuildFile; fileRef = 3B71325123CD381000C23F38 /* SceneDelegate.swift */; };
		3B71325423CD381000C23F38 /* ViewController.swift in Sources */ = {isa = PBXBuildFile; fileRef = 3B71325323CD381000C23F38 /* ViewController.swift */; };
		3B71325723CD381000C23F38 /* Main.storyboard in Resources */ = {isa = PBXBuildFile; fileRef = 3B71325523CD381000C23F38 /* Main.storyboard */; };
		3B71325923CD381300C23F38 /* Assets.xcassets in Resources */ = {isa = PBXBuildFile; fileRef = 3B71325823CD381300C23F38 /* Assets.xcassets */; };
		3B71325C23CD381300C23F38 /* LaunchScreen.storyboard in Resources */ = {isa = PBXBuildFile; fileRef = 3B71325A23CD381300C23F38 /* LaunchScreen.storyboard */; };
/* End PBXBuildFile section */

/* Begin PBXFileReference section */
		3B71324C23CD381000C23F38 /* OnDemandResourcesTest.app */ = {isa = PBXFileReference; explicitFileType = wrapper.application; includeInIndex = 0; path = OnDemandResourcesTest.app; sourceTree = BUILT_PRODUCTS_DIR; };
		3B71324F23CD381000C23F38 /* AppDelegate.swift */ = {isa = PBXFileReference; lastKnownFileType = sourcecode.swift; path = AppDelegate.swift; sourceTree = "<group>"; };
		3B71325123CD381000C23F38 /* SceneDelegate.swift */ = {isa = PBXFileReference; lastKnownFileType = sourcecode.swift; path = SceneDelegate.swift; sourceTree = "<group>"; };
		3B71325323CD381000C23F38 /* ViewController.swift */ = {isa = PBXFileReference; lastKnownFileType = sourcecode.swift; path = ViewController.swift; sourceTree = "<group>"; };
		3B71325623CD381000C23F38 /* Base */ = {isa = PBXFileReference; lastKnownFileType = file.storyboard; name = Base; path = Base.lproj/Main.storyboard; sourceTree = "<group>"; };
		3B71325823CD381300C23F38 /* Assets.xcassets */ = {isa = PBXFileReference; lastKnownFileType = folder.assetcatalog; path = Assets.xcassets; sourceTree = "<group>"; };
		3B71325B23CD381300C23F38 /* Base */ = {isa = PBXFileReference; lastKnownFileType = file.storyboard; name = Base; path = Base.lproj/LaunchScreen.storyboard; sourceTree = "<group>"; };
		3B71325D23CD381300C23F38 /* Info.plist */ = {isa = PBXFileReference; lastKnownFileType = text.plist.xml; path = Info.plist; sourceTree = "<group>"; };
/* End PBXFileReference section */

/* Begin PBXFrameworksBuildPhase section */
		3B71324923CD381000C23F38 /* Frameworks */ = {
			isa = PBXFrameworksBuildPhase;
			buildActionMask = 2147483647;
			files = (
			);
			runOnlyForDeploymentPostprocessing = 0;
		};
/* End PBXFrameworksBuildPhase section */

/* Begin PBXGroup section */
		3B71324323CD381000C23F38 = {
			isa = PBXGroup;
			children = (
				3B71324E23CD381000C23F38 /* OnDemandResourcesTest */,
				3B71324D23CD381000C23F38 /* Products */,
			);
			sourceTree = "<group>";
		};
		3B71324D23CD381000C23F38 /* Products */ = {
			isa = PBXGroup;
			children = (
				3B71324C23CD381000C23F38 /* OnDemandResourcesTest.app */,
			);
			name = Products;
			sourceTree = "<group>";
		};
		3B71324E23CD381000C23F38 /* OnDemandResourcesTest */ = {
			isa = PBXGroup;
			children = (
				3B71324F23CD381000C23F38 /* AppDelegate.swift */,
				3B71325123CD381000C23F38 /* SceneDelegate.swift */,
				3B71325323CD381000C23F38 /* ViewController.swift */,
				3B71325523CD381000C23F38 /* Main.storyboard */,
				3B71325823CD381300C23F38 /* Assets.xcassets */,
				3B71325A23CD381300C23F38 /* LaunchScreen.storyboard */,
				3B71325D23CD381300C23F38 /* Info.plist */,
			);
			path = OnDemandResourcesTest;
			sourceTree = "<group>";
		};
/* End PBXGroup section */

/* Begin PBXNativeTarget section */
		3B71324B23CD381000C23F38 /* OnDemandResourcesTest */ = {
			isa = PBXNativeTarget;
			buildConfigurationList = 3B71326023CD381300C23F38 /* Build configuration list for PBXNativeTarget "OnDemandResourcesTest" */;
			buildPhases = (
				3B71324823CD381000C23F38 /* Sources */,
				3B71324923CD381000C23F38 /* Frameworks */,
				3B71324A23CD381000C23F38 /* Resources */,
			);
			buildRules = (
			);
			dependencies = (
			);
			name = OnDemandResourcesTest;
			productName = OnDemandResourcesTest;
			productReference = 3B71324C23CD381000C23F38 /* OnDemandResourcesTest.app */;
			productType = "com.apple.product-type.application";
		};
/* End PBXNativeTarget section */

/* Begin PBXProject section */
		3B71324423CD381000C23F38 /* Project object */ = {
			isa = PBXProject;
			attributes = {
				KnownAssetTags = (
					Level1,
					Onboarding,
				);
				LastSwiftUpdateCheck = 1130;
				LastUpgradeCheck = 1130;
				ORGANIZATIONNAME = Appamajigger;
				TargetAttributes = {
					3B71324B23CD381000C23F38 = {
						CreatedOnToolsVersion = 11.3;
					};
				};
			};
			buildConfigurationList = 3B71324723CD381000C23F38 /* Build configuration list for PBXProject "OnDemandResourcesTest" */;
			compatibilityVersion = "Xcode 9.3";
			developmentRegion = en;
			hasScannedForEncodings = 0;
			knownRegions = (
				en,
				Base,
			);
			mainGroup = 3B71324323CD381000C23F38;
			productRefGroup = 3B71324D23CD381000C23F38 /* Products */;
			projectDirPath = "";
			projectRoot = "";
			targets = (
				3B71324B23CD381000C23F38 /* OnDemandResourcesTest */,
			);
		};
/* End PBXProject section */

/* Begin PBXResourcesBuildPhase section */
		3B71324A23CD381000C23F38 /* Resources */ = {
			isa = PBXResourcesBuildPhase;
			buildActionMask = 2147483647;
			files = (
				3B71325C23CD381300C23F38 /* LaunchScreen.storyboard in Resources */,
				3B71325923CD381300C23F38 /* Assets.xcassets in Resources */,
				3B71325723CD381000C23F38 /* Main.storyboard in Resources */,
			);
			runOnlyForDeploymentPostprocessing = 0;
		};
/* End PBXResourcesBuildPhase section */

/* Begin PBXSourcesBuildPhase section */
		3B71324823CD381000C23F38 /* Sources */ = {
			isa = PBXSourcesBuildPhase;
			buildActionMask = 2147483647;
			files = (
				3B71325423CD381000C23F38 /* ViewController.swift in Sources */,
				3B71325023CD381000C23F38 /* AppDelegate.swift in Sources */,
				3B71325223CD381000C23F38 /* SceneDelegate.swift in Sources */,
			);
			runOnlyForDeploymentPostprocessing = 0;
		};
/* End PBXSourcesBuildPhase section */

/* Begin PBXVariantGroup section */
		3B71325523CD381000C23F38 /* Main.storyboard */ = {
			isa = PBXVariantGroup;
			children = (
				3B71325623CD381000C23F38 /* Base */,
			);
			name = Main.storyboard;
			sourceTree = "<group>";
		};
		3B71325A23CD381300C23F38 /* LaunchScreen.storyboard */ = {
			isa = PBXVariantGroup;
			children = (
				3B71325B23CD381300C23F38 /* Base */,
			);
			name = LaunchScreen.storyboard;
			sourceTree = "<group>";
		};
/* End PBXVariantGroup section */

/* Begin XCBuildConfiguration section */
		3B71325E23CD381300C23F38 /* Debug */ = {
			isa = XCBuildConfiguration;
			buildSettings = {
				ALWAYS_SEARCH_USER_PATHS = NO;
				CLANG_ANALYZER_NONNULL = YES;
				CLANG_ANALYZER_NUMBER_OBJECT_CONVERSION = YES_AGGRESSIVE;
				CLANG_CXX_LANGUAGE_STANDARD = "gnu++14";
				CLANG_CXX_LIBRARY = "libc++";
				CLANG_ENABLE_MODULES = YES;
				CLANG_ENABLE_OBJC_ARC = YES;
				CLANG_ENABLE_OBJC_WEAK = YES;
				CLANG_WARN_BLOCK_CAPTURE_AUTORELEASING = YES;
				CLANG_WARN_BOOL_CONVERSION = YES;
				CLANG_WARN_COMMA = YES;
				CLANG_WARN_CONSTANT_CONVERSION = YES;
				CLANG_WARN_DEPRECATED_OBJC_IMPLEMENTATIONS = YES;
				CLANG_WARN_DIRECT_OBJC_ISA_USAGE = YES_ERROR;
				CLANG_WARN_DOCUMENTATION_COMMENTS = YES;
				CLANG_WARN_EMPTY_BODY = YES;
				CLANG_WARN_ENUM_CONVERSION = YES;
				CLANG_WARN_INFINITE_RECURSION = YES;
				CLANG_WARN_INT_CONVERSION = YES;
				CLANG_WARN_NON_LITERAL_NULL_CONVERSION = YES;
				CLANG_WARN_OBJC_IMPLICIT_RETAIN_SELF = YES;
				CLANG_WARN_OBJC_LITERAL_CONVERSION = YES;
				CLANG_WARN_OBJC_ROOT_CLASS = YES_ERROR;
				CLANG_WARN_RANGE_LOOP_ANALYSIS = YES;
				CLANG_WARN_STRICT_PROTOTYPES = YES;
				CLANG_WARN_SUSPICIOUS_MOVE = YES;
				CLANG_WARN_UNGUARDED_AVAILABILITY = YES_AGGRESSIVE;
				CLANG_WARN_UNREACHABLE_CODE = YES;
				CLANG_WARN__DUPLICATE_METHOD_MATCH = YES;
				COPY_PHASE_STRIP = NO;
				DEBUG_INFORMATION_FORMAT = dwarf;
				ENABLE_STRICT_OBJC_MSGSEND = YES;
				ENABLE_TESTABILITY = YES;
				GCC_C_LANGUAGE_STANDARD = gnu11;
				GCC_DYNAMIC_NO_PIC = NO;
				GCC_NO_COMMON_BLOCKS = YES;
				GCC_OPTIMIZATION_LEVEL = 0;
				GCC_PREPROCESSOR_DEFINITIONS = (
					"DEBUG=1",
					"$(inherited)",
				);
				GCC_WARN_64_TO_32_BIT_CONVERSION = YES;
				GCC_WARN_ABOUT_RETURN_TYPE = YES_ERROR;
				GCC_WARN_UNDECLARED_SELECTOR = YES;
				GCC_WARN_UNINITIALIZED_AUTOS = YES_AGGRESSIVE;
				GCC_WARN_UNUSED_FUNCTION = YES;
				GCC_WARN_UNUSED_VARIABLE = YES;
				IPHONEOS_DEPLOYMENT_TARGET = 13.2;
				MTL_ENABLE_DEBUG_INFO = INCLUDE_SOURCE;
				MTL_FAST_MATH = YES;
				ONLY_ACTIVE_ARCH = YES;
				SDKROOT = iphoneos;
				SWIFT_ACTIVE_COMPILATION_CONDITIONS = DEBUG;
				SWIFT_OPTIMIZATION_LEVEL = "-Onone";
			};
			name = Debug;
		};
		3B71325F23CD381300C23F38 /* Release */ = {
			isa = XCBuildConfiguration;
			buildSettings = {
				ALWAYS_SEARCH_USER_PATHS = NO;
				CLANG_ANALYZER_NONNULL = YES;
				CLANG_ANALYZER_NUMBER_OBJECT_CONVERSION = YES_AGGRESSIVE;
				CLANG_CXX_LANGUAGE_STANDARD = "gnu++14";
				CLANG_CXX_LIBRARY = "libc++";
				CLANG_ENABLE_MODULES = YES;
				CLANG_ENABLE_OBJC_ARC = YES;
				CLANG_ENABLE_OBJC_WEAK = YES;
				CLANG_WARN_BLOCK_CAPTURE_AUTORELEASING = YES;
				CLANG_WARN_BOOL_CONVERSION = YES;
				CLANG_WARN_COMMA = YES;
				CLANG_WARN_CONSTANT_CONVERSION = YES;
				CLANG_WARN_DEPRECATED_OBJC_IMPLEMENTATIONS = YES;
				CLANG_WARN_DIRECT_OBJC_ISA_USAGE = YES_ERROR;
				CLANG_WARN_DOCUMENTATION_COMMENTS = YES;
				CLANG_WARN_EMPTY_BODY = YES;
				CLANG_WARN_ENUM_CONVERSION = YES;
				CLANG_WARN_INFINITE_RECURSION = YES;
				CLANG_WARN_INT_CONVERSION = YES;
				CLANG_WARN_NON_LITERAL_NULL_CONVERSION = YES;
				CLANG_WARN_OBJC_IMPLICIT_RETAIN_SELF = YES;
				CLANG_WARN_OBJC_LITERAL_CONVERSION = YES;
				CLANG_WARN_OBJC_ROOT_CLASS = YES_ERROR;
				CLANG_WARN_RANGE_LOOP_ANALYSIS = YES;
				CLANG_WARN_STRICT_PROTOTYPES = YES;
				CLANG_WARN_SUSPICIOUS_MOVE = YES;
				CLANG_WARN_UNGUARDED_AVAILABILITY = YES_AGGRESSIVE;
				CLANG_WARN_UNREACHABLE_CODE = YES;
				CLANG_WARN__DUPLICATE_METHOD_MATCH = YES;
				COPY_PHASE_STRIP = NO;
				DEBUG_INFORMATION_FORMAT = "dwarf-with-dsym";
				ENABLE_NS_ASSERTIONS = NO;
				ENABLE_STRICT_OBJC_MSGSEND = YES;
				GCC_C_LANGUAGE_STANDARD = gnu11;
				GCC_NO_COMMON_BLOCKS = YES;
				GCC_WARN_64_TO_32_BIT_CONVERSION = YES;
				GCC_WARN_ABOUT_RETURN_TYPE = YES_ERROR;
				GCC_WARN_UNDECLARED_SELECTOR = YES;
				GCC_WARN_UNINITIALIZED_AUTOS = YES_AGGRESSIVE;
				GCC_WARN_UNUSED_FUNCTION = YES;
				GCC_WARN_UNUSED_VARIABLE = YES;
				IPHONEOS_DEPLOYMENT_TARGET = 13.2;
				MTL_ENABLE_DEBUG_INFO = NO;
				MTL_FAST_MATH = YES;
				SDKROOT = iphoneos;
				SWIFT_COMPILATION_MODE = wholemodule;
				SWIFT_OPTIMIZATION_LEVEL = "-O";
				VALIDATE_PRODUCT = YES;
			};
			name = Release;
		};
		3B71326123CD381300C23F38 /* Debug */ = {
			isa = XCBuildConfiguration;
			buildSettings = {
				ASSETCATALOG_COMPILER_APPICON_NAME = AppIcon;
				CODE_SIGN_IDENTITY = "Apple Development";
				CODE_SIGN_STYLE = Automatic;
				DEVELOPMENT_TEAM = NM9E6W7574;
				INFOPLIST_FILE = OnDemandResourcesTest/Info.plist;
				LD_RUNPATH_SEARCH_PATHS = (
					"$(inherited)",
					"@executable_path/Frameworks",
				);
				ON_DEMAND_RESOURCES_INITIAL_INSTALL_TAGS = Onboarding;
				PRODUCT_BUNDLE_IDENTIFIER = com.appamajigger.OnDemandResourcesTest;
				PRODUCT_NAME = "$(TARGET_NAME)";
				PROVISIONING_PROFILE_SPECIFIER = "";
				SWIFT_VERSION = 5.0;
				TARGETED_DEVICE_FAMILY = "1,2";
			};
			name = Debug;
		};
		3B71326223CD381300C23F38 /* Release */ = {
			isa = XCBuildConfiguration;
			buildSettings = {
				ASSETCATALOG_COMPILER_APPICON_NAME = AppIcon;
				CODE_SIGN_STYLE = Manual;
				DEVELOPMENT_TEAM = "";
				INFOPLIST_FILE = OnDemandResourcesTest/Info.plist;
				LD_RUNPATH_SEARCH_PATHS = (
					"$(inherited)",
					"@executable_path/Frameworks",
				);
				ON_DEMAND_RESOURCES_INITIAL_INSTALL_TAGS = Onboarding;
				PRODUCT_BUNDLE_IDENTIFIER = com.appamajigger.OnDemandResourcesTest;
				PRODUCT_NAME = "$(TARGET_NAME)";
				PROVISIONING_PROFILE_SPECIFIER = "";
				SWIFT_VERSION = 5.0;
				TARGETED_DEVICE_FAMILY = "1,2";
			};
			name = Release;
		};
/* End XCBuildConfiguration section */

/* Begin XCConfigurationList section */
		3B71324723CD381000C23F38 /* Build configuration list for PBXProject "OnDemandResourcesTest" */ = {
			isa = XCConfigurationList;
			buildConfigurations = (
				3B71325E23CD381300C23F38 /* Debug */,
				3B71325F23CD381300C23F38 /* Release */,
			);
			defaultConfigurationIsVisible = 0;
			defaultConfigurationName = Release;
		};
		3B71326023CD381300C23F38 /* Build configuration list for PBXNativeTarget "OnDemandResourcesTest" */ = {
			isa = XCConfigurationList;
			buildConfigurations = (
				3B71326123CD381300C23F38 /* Debug */,
				3B71326223CD381300C23F38 /* Release */,
			);
			defaultConfigurationIsVisible = 0;
			defaultConfigurationName = Release;
		};
/* End XCConfigurationList section */
	};
	rootObject = 3B71324423CD381000C23F38 /* Project object */;
}
